
Microsoft Visual Studio Solution File, Format Version 12.00
# Visual Studio Version 16
VisualStudioVersion = 16.0.33214.272
MinimumVisualStudioVersion = 10.0.40219.1
Project("{FAE04EC0-301F-11D3-BF4B-00C04F79EFBC}") = "App_ABM_MVC", "App_ABM_MVC\App_ABM_MVC.csproj", "{48D45B4E-B58C-4F63-9E44-78B579A712B1}"
EndProject
Global
	GlobalSection(SolutionConfigurationPlatforms) = preSolution
		Debug|Any CPU = Debug|Any CPU
		Release|Any CPU = Release|Any CPU
	EndGlobalSection
	GlobalSection(ProjectConfigurationPlatforms) = postSolution
		{48D45B4E-B58C-4F63-9E44-78B579A712B1}.Debug|Any CPU.ActiveCfg = Debug|Any CPU
		{48D45B4E-B58C-4F63-9E44-78B579A712B1}.Debug|Any CPU.Build.0 = Debug|Any CPU
		{48D45B4E-B58C-4F63-9E44-78B579A712B1}.Release|Any CPU.ActiveCfg = Release|Any CPU
		{48D45B4E-B58C-4F63-9E44-78B579A712B1}.Release|Any CPU.Build.0 = Release|Any CPU
	EndGlobalSection
	GlobalSection(SolutionProperties) = preSolution
		HideSolutionNode = FALSE
	EndGlobalSection
	GlobalSection(ExtensibilityGlobals) = postSolution
		SolutionGuid = {455ADD04-E12C-4785-A10D-DA933BAAEF28}
	EndGlobalSection
EndGlobal
