
Microsoft Visual Studio Solution File, Format Version 12.00
# Visual Studio Version 16
VisualStudioVersion = 16.0.33529.622
MinimumVisualStudioVersion = 10.0.40219.1
Project("{9A19103F-16F7-4668-BE54-9A1E7A4F7556}") = "crud_mvc_aspnet_core", "crud_mvc_aspnet_core\crud_mvc_aspnet_core.csproj", "{ADD801C7-F60C-4B69-86E2-5909E7099D2C}"
EndProject
Global
	GlobalSection(SolutionConfigurationPlatforms) = preSolution
		Debug|Any CPU = Debug|Any CPU
		Release|Any CPU = Release|Any CPU
	EndGlobalSection
	GlobalSection(ProjectConfigurationPlatforms) = postSolution
		{ADD801C7-F60C-4B69-86E2-5909E7099D2C}.Debug|Any CPU.ActiveCfg = Debug|Any CPU
		{ADD801C7-F60C-4B69-86E2-5909E7099D2C}.Debug|Any CPU.Build.0 = Debug|Any CPU
		{ADD801C7-F60C-4B69-86E2-5909E7099D2C}.Release|Any CPU.ActiveCfg = Release|Any CPU
		{ADD801C7-F60C-4B69-86E2-5909E7099D2C}.Release|Any CPU.Build.0 = Release|Any CPU
	EndGlobalSection
	GlobalSection(SolutionProperties) = preSolution
		HideSolutionNode = FALSE
	EndGlobalSection
	GlobalSection(ExtensibilityGlobals) = postSolution
		SolutionGuid = {A9B710DC-DED5-46FF-A1A3-05217CBFD2C1}
	EndGlobalSection
EndGlobal
